// !$*UTF8*$!
{
	archiveVersion = 1;
	classes = {
	};
	objectVersion = 46;
	objects = {

/* Begin PBXBuildFile section */
		D40D77F01946B40100C69E4C /* UIKit.framework in Frameworks */ = {isa = PBXBuildFile; fileRef = D40D77EF1946B40100C69E4C /* UIKit.framework */; };
		D40D77F21946B40100C69E4C /* Foundation.framework in Frameworks */ = {isa = PBXBuildFile; fileRef = D40D77F11946B40100C69E4C /* Foundation.framework */; };
		D40D77F41946B40100C69E4C /* CoreGraphics.framework in Frameworks */ = {isa = PBXBuildFile; fileRef = D40D77F31946B40100C69E4C /* CoreGraphics.framework */; };
		D40D77FA1946B40100C69E4C /* InfoPlist.strings in Resources */ = {isa = PBXBuildFile; fileRef = D40D77F81946B40100C69E4C /* InfoPlist.strings */; };
		D40D77FC1946B40100C69E4C /* main.m in Sources */ = {isa = PBXBuildFile; fileRef = D40D77FB1946B40100C69E4C /* main.m */; };
		D40D78001946B40100C69E4C /* AppDelegate.m in Sources */ = {isa = PBXBuildFile; fileRef = D40D77FF1946B40100C69E4C /* AppDelegate.m */; };
		D40D78021946B40100C69E4C /* Default.png in Resources */ = {isa = PBXBuildFile; fileRef = D40D78011946B40100C69E4C /* Default.png */; };
		D40D78041946B40100C69E4C /* Default@2x.png in Resources */ = {isa = PBXBuildFile; fileRef = D40D78031946B40100C69E4C /* Default@2x.png */; };
		D40D78061946B40100C69E4C /* Default-568h@2x.png in Resources */ = {isa = PBXBuildFile; fileRef = D40D78051946B40100C69E4C /* Default-568h@2x.png */; };
		D40D78091946B40100C69E4C /* MasterViewController.m in Sources */ = {isa = PBXBuildFile; fileRef = D40D78081946B40100C69E4C /* MasterViewController.m */; };
		D40D780C1946B40100C69E4C /* DetailViewController.m in Sources */ = {isa = PBXBuildFile; fileRef = D40D780B1946B40100C69E4C /* DetailViewController.m */; };
		D40D780F1946B40100C69E4C /* MasterViewController.xib in Resources */ = {isa = PBXBuildFile; fileRef = D40D780D1946B40100C69E4C /* MasterViewController.xib */; };
		D40D78121946B40100C69E4C /* DetailViewController.xib in Resources */ = {isa = PBXBuildFile; fileRef = D40D78101946B40100C69E4C /* DetailViewController.xib */; };
/* End PBXBuildFile section */

/* Begin PBXFileReference section */
		D40D77EC1946B40100C69E4C /* FastFarmV02.app */ = {isa = PBXFileReference; explicitFileType = wrapper.application; includeInIndex = 0; path = FastFarmV02.app; sourceTree = BUILT_PRODUCTS_DIR; };
		D40D77EF1946B40100C69E4C /* UIKit.framework */ = {isa = PBXFileReference; lastKnownFileType = wrapper.framework; name = UIKit.framework; path = System/Library/Frameworks/UIKit.framework; sourceTree = SDKROOT; };
		D40D77F11946B40100C69E4C /* Foundation.framework */ = {isa = PBXFileReference; lastKnownFileType = wrapper.framework; name = Foundation.framework; path = System/Library/Frameworks/Foundation.framework; sourceTree = SDKROOT; };
		D40D77F31946B40100C69E4C /* CoreGraphics.framework */ = {isa = PBXFileReference; lastKnownFileType = wrapper.framework; name = CoreGraphics.framework; path = System/Library/Frameworks/CoreGraphics.framework; sourceTree = SDKROOT; };
		D40D77F71946B40100C69E4C /* FastFarmV02-Info.plist */ = {isa = PBXFileReference; lastKnownFileType = text.plist.xml; path = "FastFarmV02-Info.plist"; sourceTree = "<group>"; };
		D40D77F91946B40100C69E4C /* en */ = {isa = PBXFileReference; lastKnownFileType = text.plist.strings; name = en; path = en.lproj/InfoPlist.strings; sourceTree = "<group>"; };
		D40D77FB1946B40100C69E4C /* main.m */ = {isa = PBXFileReference; lastKnownFileType = sourcecode.c.objc; path = main.m; sourceTree = "<group>"; };
		D40D77FD1946B40100C69E4C /* FastFarmV02-Prefix.pch */ = {isa = PBXFileReference; lastKnownFileType = sourcecode.c.h; path = "FastFarmV02-Prefix.pch"; sourceTree = "<group>"; };
		D40D77FE1946B40100C69E4C /* AppDelegate.h */ = {isa = PBXFileReference; lastKnownFileType = sourcecode.c.h; path = AppDelegate.h; sourceTree = "<group>"; };
		D40D77FF1946B40100C69E4C /* AppDelegate.m */ = {isa = PBXFileReference; lastKnownFileType = sourcecode.c.objc; path = AppDelegate.m; sourceTree = "<group>"; };
		D40D78011946B40100C69E4C /* Default.png */ = {isa = PBXFileReference; lastKnownFileType = image.png; path = Default.png; sourceTree = "<group>"; };
		D40D78031946B40100C69E4C /* Default@2x.png */ = {isa = PBXFileReference; lastKnownFileType = image.png; path = "Default@2x.png"; sourceTree = "<group>"; };
		D40D78051946B40100C69E4C /* Default-568h@2x.png */ = {isa = PBXFileReference; lastKnownFileType = image.png; path = "Default-568h@2x.png"; sourceTree = "<group>"; };
		D40D78071946B40100C69E4C /* MasterViewController.h */ = {isa = PBXFileReference; lastKnownFileType = sourcecode.c.h; path = MasterViewController.h; sourceTree = "<group>"; };
		D40D78081946B40100C69E4C /* MasterViewController.m */ = {isa = PBXFileReference; lastKnownFileType = sourcecode.c.objc; path = MasterViewController.m; sourceTree = "<group>"; };
		D40D780A1946B40100C69E4C /* DetailViewController.h */ = {isa = PBXFileReference; lastKnownFileType = sourcecode.c.h; path = DetailViewController.h; sourceTree = "<group>"; };
		D40D780B1946B40100C69E4C /* DetailViewController.m */ = {isa = PBXFileReference; lastKnownFileType = sourcecode.c.objc; path = DetailViewController.m; sourceTree = "<group>"; };
		D40D780E1946B40100C69E4C /* en */ = {isa = PBXFileReference; lastKnownFileType = file.xib; name = en; path = en.lproj/MasterViewController.xib; sourceTree = "<group>"; };
		D40D78111946B40100C69E4C /* en */ = {isa = PBXFileReference; lastKnownFileType = file.xib; name = en; path = en.lproj/DetailViewController.xib; sourceTree = "<group>"; };
/* End PBXFileReference section */

/* Begin PBXFrameworksBuildPhase section */
		D40D77E91946B40100C69E4C /* Frameworks */ = {
			isa = PBXFrameworksBuildPhase;
			buildActionMask = 2147483647;
			files = (
				D40D77F01946B40100C69E4C /* UIKit.framework in Frameworks */,
				D40D77F21946B40100C69E4C /* Foundation.framework in Frameworks */,
				D40D77F41946B40100C69E4C /* CoreGraphics.framework in Frameworks */,
			);
			runOnlyForDeploymentPostprocessing = 0;
		};
/* End PBXFrameworksBuildPhase section */

/* Begin PBXGroup section */
		D40D77E31946B40100C69E4C = {
			isa = PBXGroup;
			children = (
				D40D77F51946B40100C69E4C /* FastFarmV02 */,
				D40D77EE1946B40100C69E4C /* Frameworks */,
				D40D77ED1946B40100C69E4C /* Products */,
			);
			sourceTree = "<group>";
		};
		D40D77ED1946B40100C69E4C /* Products */ = {
			isa = PBXGroup;
			children = (
				D40D77EC1946B40100C69E4C /* FastFarmV02.app */,
			);
			name = Products;
			sourceTree = "<group>";
		};
		D40D77EE1946B40100C69E4C /* Frameworks */ = {
			isa = PBXGroup;
			children = (
				D40D77EF1946B40100C69E4C /* UIKit.framework */,
				D40D77F11946B40100C69E4C /* Foundation.framework */,
				D40D77F31946B40100C69E4C /* CoreGraphics.framework */,
			);
			name = Frameworks;
			sourceTree = "<group>";
		};
		D40D77F51946B40100C69E4C /* FastFarmV02 */ = {
			isa = PBXGroup;
			children = (
				D40D77FE1946B40100C69E4C /* AppDelegate.h */,
				D40D77FF1946B40100C69E4C /* AppDelegate.m */,
				D40D78071946B40100C69E4C /* MasterViewController.h */,
				D40D78081946B40100C69E4C /* MasterViewController.m */,
				D40D780A1946B40100C69E4C /* DetailViewController.h */,
				D40D780B1946B40100C69E4C /* DetailViewController.m */,
				D40D780D1946B40100C69E4C /* MasterViewController.xib */,
				D40D78101946B40100C69E4C /* DetailViewController.xib */,
				D40D77F61946B40100C69E4C /* Supporting Files */,
			);
			path = FastFarmV02;
			sourceTree = "<group>";
		};
		D40D77F61946B40100C69E4C /* Supporting Files */ = {
			isa = PBXGroup;
			children = (
				D40D77F71946B40100C69E4C /* FastFarmV02-Info.plist */,
				D40D77F81946B40100C69E4C /* InfoPlist.strings */,
				D40D77FB1946B40100C69E4C /* main.m */,
				D40D77FD1946B40100C69E4C /* FastFarmV02-Prefix.pch */,
				D40D78011946B40100C69E4C /* Default.png */,
				D40D78031946B40100C69E4C /* Default@2x.png */,
				D40D78051946B40100C69E4C /* Default-568h@2x.png */,
			);
			name = "Supporting Files";
			sourceTree = "<group>";
		};
/* End PBXGroup section */

/* Begin PBXNativeTarget section */
		D40D77EB1946B40100C69E4C /* FastFarmV02 */ = {
			isa = PBXNativeTarget;
			buildConfigurationList = D40D78151946B40100C69E4C /* Build configuration list for PBXNativeTarget "FastFarmV02" */;
			buildPhases = (
				D40D77E81946B40100C69E4C /* Sources */,
				D40D77E91946B40100C69E4C /* Frameworks */,
				D40D77EA1946B40100C69E4C /* Resources */,
			);
			buildRules = (
			);
			dependencies = (
			);
			name = FastFarmV02;
			productName = FastFarmV02;
			productReference = D40D77EC1946B40100C69E4C /* FastFarmV02.app */;
			productType = "com.apple.product-type.application";
		};
/* End PBXNativeTarget section */

/* Begin PBXProject section */
		D40D77E41946B40100C69E4C /* Project object */ = {
			isa = PBXProject;
			attributes = {
				LastUpgradeCheck = 0460;
				ORGANIZATIONNAME = "2fDesign Ltd.";
			};
			buildConfigurationList = D40D77E71946B40100C69E4C /* Build configuration list for PBXProject "FastFarmV02" */;
			compatibilityVersion = "Xcode 3.2";
			developmentRegion = English;
			hasScannedForEncodings = 0;
			knownRegions = (
				en,
			);
			mainGroup = D40D77E31946B40100C69E4C;
			productRefGroup = D40D77ED1946B40100C69E4C /* Products */;
			projectDirPath = "";
			projectRoot = "";
			targets = (
				D40D77EB1946B40100C69E4C /* FastFarmV02 */,
			);
		};
/* End PBXProject section */

/* Begin PBXResourcesBuildPhase section */
		D40D77EA1946B40100C69E4C /* Resources */ = {
			isa = PBXResourcesBuildPhase;
			buildActionMask = 2147483647;
			files = (
				D40D77FA1946B40100C69E4C /* InfoPlist.strings in Resources */,
				D40D78021946B40100C69E4C /* Default.png in Resources */,
				D40D78041946B40100C69E4C /* Default@2x.png in Resources */,
				D40D78061946B40100C69E4C /* Default-568h@2x.png in Resources */,
				D40D780F1946B40100C69E4C /* MasterViewController.xib in Resources */,
				D40D78121946B40100C69E4C /* DetailViewController.xib in Resources */,
			);
			runOnlyForDeploymentPostprocessing = 0;
		};
/* End PBXResourcesBuildPhase section */

/* Begin PBXSourcesBuildPhase section */
		D40D77E81946B40100C69E4C /* Sources */ = {
			isa = PBXSourcesBuildPhase;
			buildActionMask = 2147483647;
			files = (
				D40D77FC1946B40100C69E4C /* main.m in Sources */,
				D40D78001946B40100C69E4C /* AppDelegate.m in Sources */,
				D40D78091946B40100C69E4C /* MasterViewController.m in Sources */,
				D40D780C1946B40100C69E4C /* DetailViewController.m in Sources */,
			);
			runOnlyForDeploymentPostprocessing = 0;
		};
/* End PBXSourcesBuildPhase section */

/* Begin PBXVariantGroup section */
		D40D77F81946B40100C69E4C /* InfoPlist.strings */ = {
			isa = PBXVariantGroup;
			children = (
				D40D77F91946B40100C69E4C /* en */,
			);
			name = InfoPlist.strings;
			sourceTree = "<group>";
		};
		D40D780D1946B40100C69E4C /* MasterViewController.xib */ = {
			isa = PBXVariantGroup;
			children = (
				D40D780E1946B40100C69E4C /* en */,
			);
			name = MasterViewController.xib;
			sourceTree = "<group>";
		};
		D40D78101946B40100C69E4C /* DetailViewController.xib */ = {
			isa = PBXVariantGroup;
			children = (
				D40D78111946B40100C69E4C /* en */,
			);
			name = DetailViewController.xib;
			sourceTree = "<group>";
		};
/* End PBXVariantGroup section */

/* Begin XCBuildConfiguration section */
		D40D78131946B40100C69E4C /* Debug */ = {
			isa = XCBuildConfiguration;
			buildSettings = {
				ALWAYS_SEARCH_USER_PATHS = NO;
				CLANG_CXX_LANGUAGE_STANDARD = "gnu++0x";
				CLANG_CXX_LIBRARY = "libc++";
				CLANG_ENABLE_OBJC_ARC = YES;
				CLANG_WARN_CONSTANT_CONVERSION = YES;
				CLANG_WARN_EMPTY_BODY = YES;
				CLANG_WARN_ENUM_CONVERSION = YES;
				CLANG_WARN_INT_CONVERSION = YES;
				CLANG_WARN__DUPLICATE_METHOD_MATCH = YES;
				"CODE_SIGN_IDENTITY[sdk=iphoneos*]" = "iPhone Developer";
				COPY_PHASE_STRIP = NO;
				GCC_C_LANGUAGE_STANDARD = gnu99;
				GCC_DYNAMIC_NO_PIC = NO;
				GCC_OPTIMIZATION_LEVEL = 0;
				GCC_PREPROCESSOR_DEFINITIONS = (
					"DEBUG=1",
					"$(inherited)",
				);
				GCC_SYMBOLS_PRIVATE_EXTERN = NO;
				GCC_WARN_ABOUT_RETURN_TYPE = YES;
				GCC_WARN_UNINITIALIZED_AUTOS = YES;
				GCC_WARN_UNUSED_VARIABLE = YES;
				IPHONEOS_DEPLOYMENT_TARGET = 6.1;
				ONLY_ACTIVE_ARCH = YES;
				SDKROOT = iphoneos;
			};
			name = Debug;
		};
		D40D78141946B40100C69E4C /* Release */ = {
			isa = XCBuildConfiguration;
			buildSettings = {
				ALWAYS_SEARCH_USER_PATHS = NO;
				CLANG_CXX_LANGUAGE_STANDARD = "gnu++0x";
				CLANG_CXX_LIBRARY = "libc++";
				CLANG_ENABLE_OBJC_ARC = YES;
				CLANG_WARN_CONSTANT_CONVERSION = YES;
				CLANG_WARN_EMPTY_BODY = YES;
				CLANG_WARN_ENUM_CONVERSION = YES;
				CLANG_WARN_INT_CONVERSION = YES;
				CLANG_WARN__DUPLICATE_METHOD_MATCH = YES;
				"CODE_SIGN_IDENTITY[sdk=iphoneos*]" = "iPhone Developer";
				COPY_PHASE_STRIP = YES;
				GCC_C_LANGUAGE_STANDARD = gnu99;
				GCC_WARN_ABOUT_RETURN_TYPE = YES;
				GCC_WARN_UNINITIALIZED_AUTOS = YES;
				GCC_WARN_UNUSED_VARIABLE = YES;
				IPHONEOS_DEPLOYMENT_TARGET = 6.1;
				OTHER_CFLAGS = "-DNS_BLOCK_ASSERTIONS=1";
				SDKROOT = iphoneos;
				VALIDATE_PRODUCT = YES;
			};
			name = Release;
		};
		D40D78161946B40100C69E4C /* Debug */ = {
			isa = XCBuildConfiguration;
			buildSettings = {
				GCC_PRECOMPILE_PREFIX_HEADER = YES;
				GCC_PREFIX_HEADER = "FastFarmV02/FastFarmV02-Prefix.pch";
				INFOPLIST_FILE = "FastFarmV02/FastFarmV02-Info.plist";
				PRODUCT_NAME = "$(TARGET_NAME)";
				WRAPPER_EXTENSION = app;
			};
			name = Debug;
		};
		D40D78171946B40100C69E4C /* Release */ = {
			isa = XCBuildConfiguration;
			buildSettings = {
				GCC_PRECOMPILE_PREFIX_HEADER = YES;
				GCC_PREFIX_HEADER = "FastFarmV02/FastFarmV02-Prefix.pch";
				INFOPLIST_FILE = "FastFarmV02/FastFarmV02-Info.plist";
				PRODUCT_NAME = "$(TARGET_NAME)";
				WRAPPER_EXTENSION = app;
			};
			name = Release;
		};
/* End XCBuildConfiguration section */

/* Begin XCConfigurationList section */
		D40D77E71946B40100C69E4C /* Build configuration list for PBXProject "FastFarmV02" */ = {
			isa = XCConfigurationList;
			buildConfigurations = (
				D40D78131946B40100C69E4C /* Debug */,
				D40D78141946B40100C69E4C /* Release */,
			);
			defaultConfigurationIsVisible = 0;
			defaultConfigurationName = Release;
		};
		D40D78151946B40100C69E4C /* Build configuration list for PBXNativeTarget "FastFarmV02" */ = {
			isa = XCConfigurationList;
			buildConfigurations = (
				D40D78161946B40100C69E4C /* Debug */,
				D40D78171946B40100C69E4C /* Release */,
			);
			defaultConfigurationIsVisible = 0;
		};
/* End XCConfigurationList section */
	};
	rootObject = D40D77E41946B40100C69E4C /* Project object */;
}
